
Microsoft Visual Studio Solution File, Format Version 12.00
# Visual Studio Version 16
VisualStudioVersion = 16.0.31702.278
MinimumVisualStudioVersion = 10.0.40219.1
Project("{FAE04EC0-301F-11D3-BF4B-00C04F79EFBC}") = "ProjectCalculator.Android", "ProjectCalculator\ProjectCalculator.Android\ProjectCalculator.Android.csproj", "{9B5ABE76-B474-49BA-8CD4-1EAC602190A4}"
EndProject
Project("{FAE04EC0-301F-11D3-BF4B-00C04F79EFBC}") = "ProjectCalculator.iOS", "ProjectCalculator\ProjectCalculator.iOS\ProjectCalculator.iOS.csproj", "{A8AF4F76-88FF-41B8-A6F9-CC590FA204A6}"
EndProject
Project("{FAE04EC0-301F-11D3-BF4B-00C04F79EFBC}") = "ProjectCalculator", "ProjectCalculator\ProjectCalculator\ProjectCalculator.csproj", "{EC030AA5-7466-47BC-972F-F7DB342E1E3F}"
EndProject
Global
	GlobalSection(SolutionConfigurationPlatforms) = preSolution
		Debug|Any CPU = Debug|Any CPU
		Debug|iPhone = Debug|iPhone
		Debug|iPhoneSimulator = Debug|iPhoneSimulator
		Release|Any CPU = Release|Any CPU
		Release|iPhone = Release|iPhone
		Release|iPhoneSimulator = Release|iPhoneSimulator
	EndGlobalSection
	GlobalSection(ProjectConfigurationPlatforms) = postSolution
		{9B5ABE76-B474-49BA-8CD4-1EAC602190A4}.Debug|Any CPU.ActiveCfg = Debug|Any CPU
		{9B5ABE76-B474-49BA-8CD4-1EAC602190A4}.Debug|Any CPU.Build.0 = Debug|Any CPU
		{9B5ABE76-B474-49BA-8CD4-1EAC602190A4}.Debug|Any CPU.Deploy.0 = Debug|Any CPU
		{9B5ABE76-B474-49BA-8CD4-1EAC602190A4}.Debug|iPhone.ActiveCfg = Debug|Any CPU
		{9B5ABE76-B474-49BA-8CD4-1EAC602190A4}.Debug|iPhone.Build.0 = Debug|Any CPU
		{9B5ABE76-B474-49BA-8CD4-1EAC602190A4}.Debug|iPhone.Deploy.0 = Debug|Any CPU
		{9B5ABE76-B474-49BA-8CD4-1EAC602190A4}.Debug|iPhoneSimulator.ActiveCfg = Debug|Any CPU
		{9B5ABE76-B474-49BA-8CD4-1EAC602190A4}.Debug|iPhoneSimulator.Build.0 = Debug|Any CPU
		{9B5ABE76-B474-49BA-8CD4-1EAC602190A4}.Debug|iPhoneSimulator.Deploy.0 = Debug|Any CPU
		{9B5ABE76-B474-49BA-8CD4-1EAC602190A4}.Release|Any CPU.ActiveCfg = Release|Any CPU
		{9B5ABE76-B474-49BA-8CD4-1EAC602190A4}.Release|Any CPU.Build.0 = Release|Any CPU
		{9B5ABE76-B474-49BA-8CD4-1EAC602190A4}.Release|Any CPU.Deploy.0 = Release|Any CPU
		{9B5ABE76-B474-49BA-8CD4-1EAC602190A4}.Release|iPhone.ActiveCfg = Release|Any CPU
		{9B5ABE76-B474-49BA-8CD4-1EAC602190A4}.Release|iPhone.Build.0 = Release|Any CPU
		{9B5ABE76-B474-49BA-8CD4-1EAC602190A4}.Release|iPhone.Deploy.0 = Release|Any CPU
		{9B5ABE76-B474-49BA-8CD4-1EAC602190A4}.Release|iPhoneSimulator.ActiveCfg = Release|Any CPU
		{9B5ABE76-B474-49BA-8CD4-1EAC602190A4}.Release|iPhoneSimulator.Build.0 = Release|Any CPU
		{9B5ABE76-B474-49BA-8CD4-1EAC602190A4}.Release|iPhoneSimulator.Deploy.0 = Release|Any CPU
		{A8AF4F76-88FF-41B8-A6F9-CC590FA204A6}.Debug|Any CPU.ActiveCfg = Debug|iPhone
		{A8AF4F76-88FF-41B8-A6F9-CC590FA204A6}.Debug|Any CPU.Build.0 = Debug|iPhone
		{A8AF4F76-88FF-41B8-A6F9-CC590FA204A6}.Debug|Any CPU.Deploy.0 = Debug|iPhone
		{A8AF4F76-88FF-41B8-A6F9-CC590FA204A6}.Debug|iPhone.ActiveCfg = Debug|iPhone
		{A8AF4F76-88FF-41B8-A6F9-CC590FA204A6}.Debug|iPhone.Build.0 = Debug|iPhone
		{A8AF4F76-88FF-41B8-A6F9-CC590FA204A6}.Debug|iPhone.Deploy.0 = Debug|iPhone
		{A8AF4F76-88FF-41B8-A6F9-CC590FA204A6}.Debug|iPhoneSimulator.ActiveCfg = Debug|iPhoneSimulator
		{A8AF4F76-88FF-41B8-A6F9-CC590FA204A6}.Debug|iPhoneSimulator.Build.0 = Debug|iPhoneSimulator
		{A8AF4F76-88FF-41B8-A6F9-CC590FA204A6}.Debug|iPhoneSimulator.Deploy.0 = Debug|iPhoneSimulator
		{A8AF4F76-88FF-41B8-A6F9-CC590FA204A6}.Release|Any CPU.ActiveCfg = Release|iPhoneSimulator
		{A8AF4F76-88FF-41B8-A6F9-CC590FA204A6}.Release|Any CPU.Build.0 = Release|iPhoneSimulator
		{A8AF4F76-88FF-41B8-A6F9-CC590FA204A6}.Release|Any CPU.Deploy.0 = Release|iPhoneSimulator
		{A8AF4F76-88FF-41B8-A6F9-CC590FA204A6}.Release|iPhone.ActiveCfg = Release|iPhone
		{A8AF4F76-88FF-41B8-A6F9-CC590FA204A6}.Release|iPhone.Build.0 = Release|iPhone
		{A8AF4F76-88FF-41B8-A6F9-CC590FA204A6}.Release|iPhone.Deploy.0 = Release|iPhone
		{A8AF4F76-88FF-41B8-A6F9-CC590FA204A6}.Release|iPhoneSimulator.ActiveCfg = Release|iPhoneSimulator
		{A8AF4F76-88FF-41B8-A6F9-CC590FA204A6}.Release|iPhoneSimulator.Build.0 = Release|iPhoneSimulator
		{A8AF4F76-88FF-41B8-A6F9-CC590FA204A6}.Release|iPhoneSimulator.Deploy.0 = Release|iPhoneSimulator
		{EC030AA5-7466-47BC-972F-F7DB342E1E3F}.Debug|Any CPU.ActiveCfg = Debug|Any CPU
		{EC030AA5-7466-47BC-972F-F7DB342E1E3F}.Debug|Any CPU.Build.0 = Debug|Any CPU
		{EC030AA5-7466-47BC-972F-F7DB342E1E3F}.Debug|Any CPU.Deploy.0 = Debug|Any CPU
		{EC030AA5-7466-47BC-972F-F7DB342E1E3F}.Debug|iPhone.ActiveCfg = Debug|Any CPU
		{EC030AA5-7466-47BC-972F-F7DB342E1E3F}.Debug|iPhone.Build.0 = Debug|Any CPU
		{EC030AA5-7466-47BC-972F-F7DB342E1E3F}.Debug|iPhone.Deploy.0 = Debug|Any CPU
		{EC030AA5-7466-47BC-972F-F7DB342E1E3F}.Debug|iPhoneSimulator.ActiveCfg = Debug|Any CPU
		{EC030AA5-7466-47BC-972F-F7DB342E1E3F}.Debug|iPhoneSimulator.Build.0 = Debug|Any CPU
		{EC030AA5-7466-47BC-972F-F7DB342E1E3F}.Debug|iPhoneSimulator.Deploy.0 = Debug|Any CPU
		{EC030AA5-7466-47BC-972F-F7DB342E1E3F}.Release|Any CPU.ActiveCfg = Release|Any CPU
		{EC030AA5-7466-47BC-972F-F7DB342E1E3F}.Release|Any CPU.Build.0 = Release|Any CPU
		{EC030AA5-7466-47BC-972F-F7DB342E1E3F}.Release|Any CPU.Deploy.0 = Release|Any CPU
		{EC030AA5-7466-47BC-972F-F7DB342E1E3F}.Release|iPhone.ActiveCfg = Release|Any CPU
		{EC030AA5-7466-47BC-972F-F7DB342E1E3F}.Release|iPhone.Build.0 = Release|Any CPU
		{EC030AA5-7466-47BC-972F-F7DB342E1E3F}.Release|iPhone.Deploy.0 = Release|Any CPU
		{EC030AA5-7466-47BC-972F-F7DB342E1E3F}.Release|iPhoneSimulator.ActiveCfg = Release|Any CPU
		{EC030AA5-7466-47BC-972F-F7DB342E1E3F}.Release|iPhoneSimulator.Build.0 = Release|Any CPU
		{EC030AA5-7466-47BC-972F-F7DB342E1E3F}.Release|iPhoneSimulator.Deploy.0 = Release|Any CPU
	EndGlobalSection
	GlobalSection(SolutionProperties) = preSolution
		HideSolutionNode = FALSE
	EndGlobalSection
	GlobalSection(ExtensibilityGlobals) = postSolution
		SolutionGuid = {0F18DBE8-03D7-4FD4-ABC7-87F884DF30BB}
	EndGlobalSection
EndGlobal
